{
  "nodes": {
    "fastpotify": {
      "inputs": {
        "nixpkgs": "nixpkgs",
        "rust-overlay": "rust-overlay"
      },
      "locked": {
        "lastModified": 1788968938,
        "narHash": "sha256-JCToLwTP5G6cKFkYRJe2QQXozjPoK6toUNWcXdRXmgU=",
        "owner": "crmne",
        "repo": "fastpotify",
        "rev": "67b8dfbb22f1d97a0eec359021f25cbcae8e5d69",
        "type": "github"
      },
      "original": {
        "owner": "crmne",
        "repo": "fastpotify",
        "type": "github"
      }
    },
    "home-manager": {
      "inputs": {
        "nixpkgs": [
          "nixpkgs"
        ]
      },
      "locked": {
        "lastModified": 1788642154,
        "narHash": "sha256-sPpQFVaFTDqO/4vvCAhuAhqTgqN/ygu+9eJcs5eB0js=",
        "owner": "nix-community",
        "repo": "home-manager",
        "rev": "fd0956c99c41ae3c13a73a638f1f7e963aebc4ab",
        "type": "github"
      },
      "original": {
        "owner": "nix-community",
        "ref": "release-26.05",
        "repo": "home-manager",
        "type": "github"
      }
    },
    "nix-flatpak": {
      "locked": {
        "lastModified": 1767983141,
        "narHash": "sha256-7ZCulYUD9RmJIDULTRkGLSW1faMpDlPKcbWJLYHoXcs=",
        "owner": "gmodena",
        "repo": "nix-flatpak",
        "rev": "440818969ac2cbd77bfe025e884d0aa528991374",
        "type": "github"
      },
      "original": {
        "owner": "gmodena",
        "ref": "latest",
        "repo": "nix-flatpak",
        "type": "github"
      }
    },
    "nixpkgs": {
      "locked": {
        "lastModified": 1787736819,
        "narHash": "sha256-cV5xEJJK3BvhU8rEd4mC9UsmDi5qscv/kzGPhBRC5WA=",
        "owner": "NixOS",
        "repo": "nixpkgs",
        "rev": "9fbb54b33e91ee4ca368e35a78e0613c720600b3",
        "type": "github"
      },
      "original": {
        "owner": "NixOS",
        "ref": "nixos-unstable",
        "repo": "nixpkgs",
        "type": "github"
      }
    },
    "nixpkgs-unstable": {
      "locked": {
        "lastModified": 1788752844,
        "narHash": "sha256-VaWGJ6+cIYN2erfSecbRV+4ljI185Ty2wUrXyvQbgOw=",
        "owner": "NixOS",
        "repo": "nixpkgs",
        "rev": "dc5d91f840324650bac8c379428c7037a416959a",
        "type": "github"
      },
      "original": {
        "owner": "NixOS",
        "ref": "nixos-unstable",
        "repo": "nixpkgs",
        "type": "github"
      }
    },
    "nixpkgs_2": {
      "locked": {
        "lastModified": 1788187754,
        "narHash": "sha256-bu1QxmXKmPuvBLN7bHP355OV9Qo13x9WCiRDH62CqRM=",
        "owner": "NixOS",
        "repo": "nixpkgs",
        "rev": "5dfba6236110080a54247d6460bc2ff5dda939cc",
        "type": "github"
      },
      "original": {
        "owner": "NixOS",
        "ref": "nixos-26.05",
        "repo": "nixpkgs",
        "type": "github"
      }
    },
    "root": {
      "inputs": {
        "fastpotify": "fastpotify",
        "home-manager": "home-manager",
        "nix-flatpak": "nix-flatpak",
        "nixpkgs": "nixpkgs_2",
        "nixpkgs-unstable": "nixpkgs-unstable"
      }
    },
    "rust-overlay": {
      "inputs": {
        "nixpkgs": [
          "fastpotify",
          "nixpkgs"
        ]
      },
      "locked": {
        "lastModified": 1787834454,
        "narHash": "sha256-jXSvqn04IOecJCvSvl8+g3PsbDVNP6qKs6dKUs/b16k=",
        "owner": "oxalica",
        "repo": "rust-overlay",
        "rev": "dc2fd1acc537f3583744e1373597a5731ff7a6e3",
        "type": "github"
      },
      "original": {
        "owner": "oxalica",
        "repo": "rust-overlay",
        "type": "github"
      }
    }
  },
  "root": "root",
  "version": 7
}
